// !$*UTF8*$!
{
	archiveVersion = 1;
	classes = {
	};
	objectVersion = 56;
	objects = {

/* Begin PBXBuildFile section */
		C31078AF29FF44AB003B0340 /* AppDelegate.swift in Sources */ = {isa = PBXBuildFile; fileRef = C31078AE29FF44AB003B0340 /* AppDelegate.swift */; };
		C31078B129FF44AB003B0340 /* SceneDelegate.swift in Sources */ = {isa = PBXBuildFile; fileRef = C31078B029FF44AB003B0340 /* SceneDelegate.swift */; };
		C31078B329FF44AB003B0340 /* StoreViewController.swift in Sources */ = {isa = PBXBuildFile; fileRef = C31078B229FF44AB003B0340 /* StoreViewController.swift */; };
		C31078B629FF44AB003B0340 /* Store.storyboard in Resources */ = {isa = PBXBuildFile; fileRef = C31078B429FF44AB003B0340 /* Store.storyboard */; };
		C31078B829FF44AD003B0340 /* Assets.xcassets in Resources */ = {isa = PBXBuildFile; fileRef = C31078B729FF44AD003B0340 /* Assets.xcassets */; };
		C31078BB29FF44AD003B0340 /* LaunchScreen.storyboard in Resources */ = {isa = PBXBuildFile; fileRef = C31078B929FF44AD003B0340 /* LaunchScreen.storyboard */; };
		C31078C629FF5319003B0340 /* StoreTableViewCell.swift in Sources */ = {isa = PBXBuildFile; fileRef = C31078C529FF5319003B0340 /* StoreTableViewCell.swift */; };
		C31078C929FF5CCE003B0340 /* DetailStore.storyboard in Resources */ = {isa = PBXBuildFile; fileRef = C31078C829FF5CCE003B0340 /* DetailStore.storyboard */; };
		C31078CB29FF5F09003B0340 /* DetailStoreViewController.swift in Sources */ = {isa = PBXBuildFile; fileRef = C31078CA29FF5F09003B0340 /* DetailStoreViewController.swift */; };
		C31078CF29FF5F6F003B0340 /* WorkOut.swift in Sources */ = {isa = PBXBuildFile; fileRef = C31078CE29FF5F6F003B0340 /* WorkOut.swift */; };
/* End PBXBuildFile section */

/* Begin PBXFileReference section */
		C31078AB29FF44AB003B0340 /* training_UIkit.app */ = {isa = PBXFileReference; explicitFileType = wrapper.application; includeInIndex = 0; path = training_UIkit.app; sourceTree = BUILT_PRODUCTS_DIR; };
		C31078AE29FF44AB003B0340 /* AppDelegate.swift */ = {isa = PBXFileReference; lastKnownFileType = sourcecode.swift; path = AppDelegate.swift; sourceTree = "<group>"; };
		C31078B029FF44AB003B0340 /* SceneDelegate.swift */ = {isa = PBXFileReference; lastKnownFileType = sourcecode.swift; path = SceneDelegate.swift; sourceTree = "<group>"; };
		C31078B229FF44AB003B0340 /* StoreViewController.swift */ = {isa = PBXFileReference; lastKnownFileType = sourcecode.swift; path = StoreViewController.swift; sourceTree = "<group>"; };
		C31078B529FF44AB003B0340 /* Base */ = {isa = PBXFileReference; lastKnownFileType = file.storyboard; name = Base; path = Base.lproj/Store.storyboard; sourceTree = "<group>"; };
		C31078B729FF44AD003B0340 /* Assets.xcassets */ = {isa = PBXFileReference; lastKnownFileType = folder.assetcatalog; path = Assets.xcassets; sourceTree = "<group>"; };
		C31078BA29FF44AD003B0340 /* Base */ = {isa = PBXFileReference; lastKnownFileType = file.storyboard; name = Base; path = Base.lproj/LaunchScreen.storyboard; sourceTree = "<group>"; };
		C31078BC29FF44AD003B0340 /* Info.plist */ = {isa = PBXFileReference; lastKnownFileType = text.plist.xml; path = Info.plist; sourceTree = "<group>"; };
		C31078C529FF5319003B0340 /* StoreTableViewCell.swift */ = {isa = PBXFileReference; lastKnownFileType = sourcecode.swift; path = StoreTableViewCell.swift; sourceTree = "<group>"; };
		C31078C829FF5CCE003B0340 /* DetailStore.storyboard */ = {isa = PBXFileReference; lastKnownFileType = file.storyboard; path = DetailStore.storyboard; sourceTree = "<group>"; };
		C31078CA29FF5F09003B0340 /* DetailStoreViewController.swift */ = {isa = PBXFileReference; lastKnownFileType = sourcecode.swift; path = DetailStoreViewController.swift; sourceTree = "<group>"; };
		C31078CE29FF5F6F003B0340 /* WorkOut.swift */ = {isa = PBXFileReference; lastKnownFileType = sourcecode.swift; path = WorkOut.swift; sourceTree = "<group>"; };
/* End PBXFileReference section */

/* Begin PBXFrameworksBuildPhase section */
		C31078A829FF44AB003B0340 /* Frameworks */ = {
			isa = PBXFrameworksBuildPhase;
			buildActionMask = 2147483647;
			files = (
			);
			runOnlyForDeploymentPostprocessing = 0;
		};
/* End PBXFrameworksBuildPhase section */

/* Begin PBXGroup section */
		C31078A229FF44AB003B0340 = {
			isa = PBXGroup;
			children = (
				C31078AD29FF44AB003B0340 /* training_UIkit */,
				C31078AC29FF44AB003B0340 /* Products */,
			);
			sourceTree = "<group>";
		};
		C31078AC29FF44AB003B0340 /* Products */ = {
			isa = PBXGroup;
			children = (
				C31078AB29FF44AB003B0340 /* training_UIkit.app */,
			);
			name = Products;
			sourceTree = "<group>";
		};
		C31078AD29FF44AB003B0340 /* training_UIkit */ = {
			isa = PBXGroup;
			children = (
				C31078CD29FF5F42003B0340 /* ViewController */,
				C31078CC29FF5F3B003B0340 /* Models */,
				C31078C229FF44C4003B0340 /* Views */,
				C31078AE29FF44AB003B0340 /* AppDelegate.swift */,
				C31078B029FF44AB003B0340 /* SceneDelegate.swift */,
				C31078B729FF44AD003B0340 /* Assets.xcassets */,
				C31078B929FF44AD003B0340 /* LaunchScreen.storyboard */,
				C31078BC29FF44AD003B0340 /* Info.plist */,
			);
			path = training_UIkit;
			sourceTree = "<group>";
		};
		C31078C229FF44C4003B0340 /* Views */ = {
			isa = PBXGroup;
			children = (
				C31078C729FF5CC0003B0340 /* DetailStore */,
				C31078C329FF5303003B0340 /* Store */,
			);
			path = Views;
			sourceTree = "<group>";
		};
		C31078C329FF5303003B0340 /* Store */ = {
			isa = PBXGroup;
			children = (
				C31078C429FF530B003B0340 /* Cells */,
				C31078B429FF44AB003B0340 /* Store.storyboard */,
			);
			path = Store;
			sourceTree = "<group>";
		};
		C31078C429FF530B003B0340 /* Cells */ = {
			isa = PBXGroup;
			children = (
				C31078C529FF5319003B0340 /* StoreTableViewCell.swift */,
			);
			path = Cells;
			sourceTree = "<group>";
		};
		C31078C729FF5CC0003B0340 /* DetailStore */ = {
			isa = PBXGroup;
			children = (
				C31078C829FF5CCE003B0340 /* DetailStore.storyboard */,
			);
			path = DetailStore;
			sourceTree = "<group>";
		};
		C31078CC29FF5F3B003B0340 /* Models */ = {
			isa = PBXGroup;
			children = (
				C31078CE29FF5F6F003B0340 /* WorkOut.swift */,
			);
			path = Models;
			sourceTree = "<group>";
		};
		C31078CD29FF5F42003B0340 /* ViewController */ = {
			isa = PBXGroup;
			children = (
				C31078B229FF44AB003B0340 /* StoreViewController.swift */,
				C31078CA29FF5F09003B0340 /* DetailStoreViewController.swift */,
			);
			path = ViewController;
			sourceTree = "<group>";
		};
/* End PBXGroup section */

/* Begin PBXNativeTarget section */
		C31078AA29FF44AB003B0340 /* training_UIkit */ = {
			isa = PBXNativeTarget;
			buildConfigurationList = C31078BF29FF44AD003B0340 /* Build configuration list for PBXNativeTarget "training_UIkit" */;
			buildPhases = (
				C31078A729FF44AB003B0340 /* Sources */,
				C31078A829FF44AB003B0340 /* Frameworks */,
				C31078A929FF44AB003B0340 /* Resources */,
			);
			buildRules = (
			);
			dependencies = (
			);
			name = training_UIkit;
			productName = training_UIkit;
			productReference = C31078AB29FF44AB003B0340 /* training_UIkit.app */;
			productType = "com.apple.product-type.application";
		};
/* End PBXNativeTarget section */

/* Begin PBXProject section */
		C31078A329FF44AB003B0340 /* Project object */ = {
			isa = PBXProject;
			attributes = {
				BuildIndependentTargetsInParallel = 1;
				LastSwiftUpdateCheck = 1420;
				LastUpgradeCheck = 1420;
				TargetAttributes = {
					C31078AA29FF44AB003B0340 = {
						CreatedOnToolsVersion = 14.2;
					};
				};
			};
			buildConfigurationList = C31078A629FF44AB003B0340 /* Build configuration list for PBXProject "training_UIkit" */;
			compatibilityVersion = "Xcode 14.0";
			developmentRegion = en;
			hasScannedForEncodings = 0;
			knownRegions = (
				en,
				Base,
			);
			mainGroup = C31078A229FF44AB003B0340;
			productRefGroup = C31078AC29FF44AB003B0340 /* Products */;
			projectDirPath = "";
			projectRoot = "";
			targets = (
				C31078AA29FF44AB003B0340 /* training_UIkit */,
			);
		};
/* End PBXProject section */

/* Begin PBXResourcesBuildPhase section */
		C31078A929FF44AB003B0340 /* Resources */ = {
			isa = PBXResourcesBuildPhase;
			buildActionMask = 2147483647;
			files = (
				C31078BB29FF44AD003B0340 /* LaunchScreen.storyboard in Resources */,
				C31078C929FF5CCE003B0340 /* DetailStore.storyboard in Resources */,
				C31078B829FF44AD003B0340 /* Assets.xcassets in Resources */,
				C31078B629FF44AB003B0340 /* Store.storyboard in Resources */,
			);
			runOnlyForDeploymentPostprocessing = 0;
		};
/* End PBXResourcesBuildPhase section */

/* Begin PBXSourcesBuildPhase section */
		C31078A729FF44AB003B0340 /* Sources */ = {
			isa = PBXSourcesBuildPhase;
			buildActionMask = 2147483647;
			files = (
				C31078B329FF44AB003B0340 /* StoreViewController.swift in Sources */,
				C31078CB29FF5F09003B0340 /* DetailStoreViewController.swift in Sources */,
				C31078AF29FF44AB003B0340 /* AppDelegate.swift in Sources */,
				C31078C629FF5319003B0340 /* StoreTableViewCell.swift in Sources */,
				C31078B129FF44AB003B0340 /* SceneDelegate.swift in Sources */,
				C31078CF29FF5F6F003B0340 /* WorkOut.swift in Sources */,
			);
			runOnlyForDeploymentPostprocessing = 0;
		};
/* End PBXSourcesBuildPhase section */

/* Begin PBXVariantGroup section */
		C31078B429FF44AB003B0340 /* Store.storyboard */ = {
			isa = PBXVariantGroup;
			children = (
				C31078B529FF44AB003B0340 /* Base */,
			);
			name = Store.storyboard;
			sourceTree = "<group>";
		};
		C31078B929FF44AD003B0340 /* LaunchScreen.storyboard */ = {
			isa = PBXVariantGroup;
			children = (
				C31078BA29FF44AD003B0340 /* Base */,
			);
			name = LaunchScreen.storyboard;
			sourceTree = "<group>";
		};
/* End PBXVariantGroup section */

/* Begin XCBuildConfiguration section */
		C31078BD29FF44AD003B0340 /* Debug */ = {
			isa = XCBuildConfiguration;
			buildSettings = {
				ALWAYS_SEARCH_USER_PATHS = NO;
				CLANG_ANALYZER_NONNULL = YES;
				CLANG_ANALYZER_NUMBER_OBJECT_CONVERSION = YES_AGGRESSIVE;
				CLANG_CXX_LANGUAGE_STANDARD = "gnu++20";
				CLANG_ENABLE_MODULES = YES;
				CLANG_ENABLE_OBJC_ARC = YES;
				CLANG_ENABLE_OBJC_WEAK = YES;
				CLANG_WARN_BLOCK_CAPTURE_AUTORELEASING = YES;
				CLANG_WARN_BOOL_CONVERSION = YES;
				CLANG_WARN_COMMA = YES;
				CLANG_WARN_CONSTANT_CONVERSION = YES;
				CLANG_WARN_DEPRECATED_OBJC_IMPLEMENTATIONS = YES;
				CLANG_WARN_DIRECT_OBJC_ISA_USAGE = YES_ERROR;
				CLANG_WARN_DOCUMENTATION_COMMENTS = YES;
				CLANG_WARN_EMPTY_BODY = YES;
				CLANG_WARN_ENUM_CONVERSION = YES;
				CLANG_WARN_INFINITE_RECURSION = YES;
				CLANG_WARN_INT_CONVERSION = YES;
				CLANG_WARN_NON_LITERAL_NULL_CONVERSION = YES;
				CLANG_WARN_OBJC_IMPLICIT_RETAIN_SELF = YES;
				CLANG_WARN_OBJC_LITERAL_CONVERSION = YES;
				CLANG_WARN_OBJC_ROOT_CLASS = YES_ERROR;
				CLANG_WARN_QUOTED_INCLUDE_IN_FRAMEWORK_HEADER = YES;
				CLANG_WARN_RANGE_LOOP_ANALYSIS = YES;
				CLANG_WARN_STRICT_PROTOTYPES = YES;
				CLANG_WARN_SUSPICIOUS_MOVE = YES;
				CLANG_WARN_UNGUARDED_AVAILABILITY = YES_AGGRESSIVE;
				CLANG_WARN_UNREACHABLE_CODE = YES;
				CLANG_WARN__DUPLICATE_METHOD_MATCH = YES;
				COPY_PHASE_STRIP = NO;
				DEBUG_INFORMATION_FORMAT = dwarf;
				ENABLE_STRICT_OBJC_MSGSEND = YES;
				ENABLE_TESTABILITY = YES;
				GCC_C_LANGUAGE_STANDARD = gnu11;
				GCC_DYNAMIC_NO_PIC = NO;
				GCC_NO_COMMON_BLOCKS = YES;
				GCC_OPTIMIZATION_LEVEL = 0;
				GCC_PREPROCESSOR_DEFINITIONS = (
					"DEBUG=1",
					"$(inherited)",
				);
				GCC_WARN_64_TO_32_BIT_CONVERSION = YES;
				GCC_WARN_ABOUT_RETURN_TYPE = YES_ERROR;
				GCC_WARN_UNDECLARED_SELECTOR = YES;
				GCC_WARN_UNINITIALIZED_AUTOS = YES_AGGRESSIVE;
				GCC_WARN_UNUSED_FUNCTION = YES;
				GCC_WARN_UNUSED_VARIABLE = YES;
				IPHONEOS_DEPLOYMENT_TARGET = 16.2;
				MTL_ENABLE_DEBUG_INFO = INCLUDE_SOURCE;
				MTL_FAST_MATH = YES;
				ONLY_ACTIVE_ARCH = YES;
				SDKROOT = iphoneos;
				SWIFT_ACTIVE_COMPILATION_CONDITIONS = DEBUG;
				SWIFT_OPTIMIZATION_LEVEL = "-Onone";
			};
			name = Debug;
		};
		C31078BE29FF44AD003B0340 /* Release */ = {
			isa = XCBuildConfiguration;
			buildSettings = {
				ALWAYS_SEARCH_USER_PATHS = NO;
				CLANG_ANALYZER_NONNULL = YES;
				CLANG_ANALYZER_NUMBER_OBJECT_CONVERSION = YES_AGGRESSIVE;
				CLANG_CXX_LANGUAGE_STANDARD = "gnu++20";
				CLANG_ENABLE_MODULES = YES;
				CLANG_ENABLE_OBJC_ARC = YES;
				CLANG_ENABLE_OBJC_WEAK = YES;
				CLANG_WARN_BLOCK_CAPTURE_AUTORELEASING = YES;
				CLANG_WARN_BOOL_CONVERSION = YES;
				CLANG_WARN_COMMA = YES;
				CLANG_WARN_CONSTANT_CONVERSION = YES;
				CLANG_WARN_DEPRECATED_OBJC_IMPLEMENTATIONS = YES;
				CLANG_WARN_DIRECT_OBJC_ISA_USAGE = YES_ERROR;
				CLANG_WARN_DOCUMENTATION_COMMENTS = YES;
				CLANG_WARN_EMPTY_BODY = YES;
				CLANG_WARN_ENUM_CONVERSION = YES;
				CLANG_WARN_INFINITE_RECURSION = YES;
				CLANG_WARN_INT_CONVERSION = YES;
				CLANG_WARN_NON_LITERAL_NULL_CONVERSION = YES;
				CLANG_WARN_OBJC_IMPLICIT_RETAIN_SELF = YES;
				CLANG_WARN_OBJC_LITERAL_CONVERSION = YES;
				CLANG_WARN_OBJC_ROOT_CLASS = YES_ERROR;
				CLANG_WARN_QUOTED_INCLUDE_IN_FRAMEWORK_HEADER = YES;
				CLANG_WARN_RANGE_LOOP_ANALYSIS = YES;
				CLANG_WARN_STRICT_PROTOTYPES = YES;
				CLANG_WARN_SUSPICIOUS_MOVE = YES;
				CLANG_WARN_UNGUARDED_AVAILABILITY = YES_AGGRESSIVE;
				CLANG_WARN_UNREACHABLE_CODE = YES;
				CLANG_WARN__DUPLICATE_METHOD_MATCH = YES;
				COPY_PHASE_STRIP = NO;
				DEBUG_INFORMATION_FORMAT = "dwarf-with-dsym";
				ENABLE_NS_ASSERTIONS = NO;
				ENABLE_STRICT_OBJC_MSGSEND = YES;
				GCC_C_LANGUAGE_STANDARD = gnu11;
				GCC_NO_COMMON_BLOCKS = YES;
				GCC_WARN_64_TO_32_BIT_CONVERSION = YES;
				GCC_WARN_ABOUT_RETURN_TYPE = YES_ERROR;
				GCC_WARN_UNDECLARED_SELECTOR = YES;
				GCC_WARN_UNINITIALIZED_AUTOS = YES_AGGRESSIVE;
				GCC_WARN_UNUSED_FUNCTION = YES;
				GCC_WARN_UNUSED_VARIABLE = YES;
				IPHONEOS_DEPLOYMENT_TARGET = 16.2;
				MTL_ENABLE_DEBUG_INFO = NO;
				MTL_FAST_MATH = YES;
				SDKROOT = iphoneos;
				SWIFT_COMPILATION_MODE = wholemodule;
				SWIFT_OPTIMIZATION_LEVEL = "-O";
				VALIDATE_PRODUCT = YES;
			};
			name = Release;
		};
		C31078C029FF44AD003B0340 /* Debug */ = {
			isa = XCBuildConfiguration;
			buildSettings = {
				ASSETCATALOG_COMPILER_APPICON_NAME = AppIcon;
				ASSETCATALOG_COMPILER_GLOBAL_ACCENT_COLOR_NAME = AccentColor;
				CODE_SIGN_STYLE = Automatic;
				CURRENT_PROJECT_VERSION = 1;
				DEVELOPMENT_TEAM = 9P74L4GXWB;
				GENERATE_INFOPLIST_FILE = YES;
				INFOPLIST_FILE = training_UIkit/Info.plist;
				INFOPLIST_KEY_UIApplicationSupportsIndirectInputEvents = YES;
				INFOPLIST_KEY_UILaunchStoryboardName = LaunchScreen;
				INFOPLIST_KEY_UIMainStoryboardFile = Store;
				INFOPLIST_KEY_UISupportedInterfaceOrientations_iPad = "UIInterfaceOrientationPortrait UIInterfaceOrientationPortraitUpsideDown UIInterfaceOrientationLandscapeLeft UIInterfaceOrientationLandscapeRight";
				INFOPLIST_KEY_UISupportedInterfaceOrientations_iPhone = "UIInterfaceOrientationPortrait UIInterfaceOrientationLandscapeLeft UIInterfaceOrientationLandscapeRight";
				LD_RUNPATH_SEARCH_PATHS = (
					"$(inherited)",
					"@executable_path/Frameworks",
				);
				MARKETING_VERSION = 1.0;
				PRODUCT_BUNDLE_IDENTIFIER = "com.dukena.training-UIkit";
				PRODUCT_NAME = "$(TARGET_NAME)";
				SWIFT_EMIT_LOC_STRINGS = YES;
				SWIFT_VERSION = 5.0;
				TARGETED_DEVICE_FAMILY = "1,2";
			};
			name = Debug;
		};
		C31078C129FF44AD003B0340 /* Release */ = {
			isa = XCBuildConfiguration;
			buildSettings = {
				ASSETCATALOG_COMPILER_APPICON_NAME = AppIcon;
				ASSETCATALOG_COMPILER_GLOBAL_ACCENT_COLOR_NAME = AccentColor;
				CODE_SIGN_STYLE = Automatic;
				CURRENT_PROJECT_VERSION = 1;
				DEVELOPMENT_TEAM = 9P74L4GXWB;
				GENERATE_INFOPLIST_FILE = YES;
				INFOPLIST_FILE = training_UIkit/Info.plist;
				INFOPLIST_KEY_UIApplicationSupportsIndirectInputEvents = YES;
				INFOPLIST_KEY_UILaunchStoryboardName = LaunchScreen;
				INFOPLIST_KEY_UIMainStoryboardFile = Store;
				INFOPLIST_KEY_UISupportedInterfaceOrientations_iPad = "UIInterfaceOrientationPortrait UIInterfaceOrientationPortraitUpsideDown UIInterfaceOrientationLandscapeLeft UIInterfaceOrientationLandscapeRight";
				INFOPLIST_KEY_UISupportedInterfaceOrientations_iPhone = "UIInterfaceOrientationPortrait UIInterfaceOrientationLandscapeLeft UIInterfaceOrientationLandscapeRight";
				LD_RUNPATH_SEARCH_PATHS = (
					"$(inherited)",
					"@executable_path/Frameworks",
				);
				MARKETING_VERSION = 1.0;
				PRODUCT_BUNDLE_IDENTIFIER = "com.dukena.training-UIkit";
				PRODUCT_NAME = "$(TARGET_NAME)";
				SWIFT_EMIT_LOC_STRINGS = YES;
				SWIFT_VERSION = 5.0;
				TARGETED_DEVICE_FAMILY = "1,2";
			};
			name = Release;
		};
/* End XCBuildConfiguration section */

/* Begin XCConfigurationList section */
		C31078A629FF44AB003B0340 /* Build configuration list for PBXProject "training_UIkit" */ = {
			isa = XCConfigurationList;
			buildConfigurations = (
				C31078BD29FF44AD003B0340 /* Debug */,
				C31078BE29FF44AD003B0340 /* Release */,
			);
			defaultConfigurationIsVisible = 0;
			defaultConfigurationName = Release;
		};
		C31078BF29FF44AD003B0340 /* Build configuration list for PBXNativeTarget "training_UIkit" */ = {
			isa = XCConfigurationList;
			buildConfigurations = (
				C31078C029FF44AD003B0340 /* Debug */,
				C31078C129FF44AD003B0340 /* Release */,
			);
			defaultConfigurationIsVisible = 0;
			defaultConfigurationName = Release;
		};
/* End XCConfigurationList section */
	};
	rootObject = C31078A329FF44AB003B0340 /* Project object */;
}
